
Microsoft Visual Studio Solution File, Format Version 12.00
# Visual Studio 15
VisualStudioVersion = 15.0.27703.2042
MinimumVisualStudioVersion = 10.0.40219.1
Project("{FAE04EC0-301F-11D3-BF4B-00C04F79EFBC}") = "SampleTcpServer", "SampleTcpServer\SampleTcpServer.csproj", "{01629856-4FCA-49BA-8F56-961E06E3441F}"
EndProject
Global
	GlobalSection(SolutionConfigurationPlatforms) = preSolution
		Debug|Any CPU = Debug|Any CPU
		Release|Any CPU = Release|Any CPU
	EndGlobalSection
	GlobalSection(ProjectConfigurationPlatforms) = postSolution
		{01629856-4FCA-49BA-8F56-961E06E3441F}.Debug|Any CPU.ActiveCfg = Debug|Any CPU
		{01629856-4FCA-49BA-8F56-961E06E3441F}.Debug|Any CPU.Build.0 = Debug|Any CPU
		{01629856-4FCA-49BA-8F56-961E06E3441F}.Release|Any CPU.ActiveCfg = Release|Any CPU
		{01629856-4FCA-49BA-8F56-961E06E3441F}.Release|Any CPU.Build.0 = Release|Any CPU
	EndGlobalSection
	GlobalSection(SolutionProperties) = preSolution
		HideSolutionNode = FALSE
	EndGlobalSection
	GlobalSection(ExtensibilityGlobals) = postSolution
		SolutionGuid = {13910ABC-E608-477E-92E1-A3A11DD9EB02}
	EndGlobalSection
EndGlobal
